{
    "_readme": [
        "This file locks the dependencies of your project to a known state",
        "Read more about it at https://getcomposer.org/doc/01-basic-usage.md#composer-lock-the-lock-file",
        "This file is @generated automatically"
    ],
    "hash": "10c784d7872266ded89d088db061f59b",
    "content-hash": "40a9f45ce93001695e873c8337c110bc",
    "packages": [
        {
            "name": "ircmaxell/password-compat",
            "version": "v1.0.4",
            "source": {
                "type": "git",
                "url": "https://github.com/ircmaxell/password_compat.git",
                "reference": "5c5cde8822a69545767f7c7f3058cb15ff84614c"
            },
            "dist": {
                "type": "zip",
                "url": "https://api.github.com/repos/ircmaxell/password_compat/zipball/5c5cde8822a69545767f7c7f3058cb15ff84614c",
                "reference": "5c5cde8822a69545767f7c7f3058cb15ff84614c",
                "shasum": ""
            },
            "require-dev": {
                "phpunit/phpunit": "4.*"
            },
            "type": "library",
            "autoload": {
                "files": [
                    "lib/password.php"
                ]
            },
            "notification-url": "https://packagist.org/downloads/",
            "license": [
                "MIT"
            ],
            "authors": [
                {
                    "name": "Anthony Ferrara",
                    "email": "ircmaxell@php.net",
                    "homepage": "http://blog.ircmaxell.com"
                }
            ],
            "description": "A compatibility library for the proposed simplified password hashing algorithm: https://wiki.php.net/rfc/password_hash",
            "homepage": "https://github.com/ircmaxell/password_compat",
            "keywords": [
                "hashing",
                "password"
            ],
            "time": "2014-11-20 16:49:30"
        },
        {
            "name": "melting/modx/logger",
            "version": "dev-master",
            "source": {
                "type": "git",
                "url": "git@git.melting-media.com:composer/modx-logger.git",
                "reference": "aa86d70a5179d276dc09cd97a6ea5e882bab00dc"
            },
            "dist": {
                "type": "zip",
                "url": "https://git.melting-media.com/api/v3/projects/composer%2Fmodx-logger/repository/archive.zip?sha=aa86d70a5179d276dc09cd97a6ea5e882bab00dc",
                "reference": "aa86d70a5179d276dc09cd97a6ea5e882bab00dc",
                "shasum": ""
            },
            "require": {
                "monolog/monolog": "^1.19",
                "theorchard/monolog-cascade": "^0.4.0"
            },
            "type": "library",
            "autoload": {
                "psr-4": {
                    "Melting\\MODX\\Logger\\": "src/"
                }
            },
            "notification-url": "https://api.melting-media.com/composer/notify",
            "license": [
                "MIT"
            ],
            "authors": [
                {
                    "name": "Romain Tripault",
                    "email": "romain@melting-media.com",
                    "homepage": "http://melting-media.com",
                    "role": "Developer"
                }
            ],
            "description": "Some library to help using Monolog with MODX Revolution.",
            "keywords": [
                "logger",
                "modx",
                "monolog"
            ],
            "time": "2016-09-13 12:31:10"
        },
        {
            "name": "monolog/monolog",
            "version": "1.21.0",
            "source": {
                "type": "git",
                "url": "https://github.com/Seldaek/monolog.git",
                "reference": "f42fbdfd53e306bda545845e4dbfd3e72edb4952"
            },
            "dist": {
                "type": "zip",
                "url": "https://api.github.com/repos/Seldaek/monolog/zipball/f42fbdfd53e306bda545845e4dbfd3e72edb4952",
                "reference": "f42fbdfd53e306bda545845e4dbfd3e72edb4952",
                "shasum": ""
            },
            "require": {
                "php": ">=5.3.0",
                "psr/log": "~1.0"
            },
            "provide": {
                "psr/log-implementation": "1.0.0"
            },
            "require-dev": {
                "aws/aws-sdk-php": "^2.4.9",
                "doctrine/couchdb": "~1.0@dev",
                "graylog2/gelf-php": "~1.0",
                "jakub-onderka/php-parallel-lint": "0.9",
                "php-amqplib/php-amqplib": "~2.4",
                "php-console/php-console": "^3.1.3",
                "phpunit/phpunit": "~4.5",
                "phpunit/phpunit-mock-objects": "2.3.0",
                "ruflin/elastica": ">=0.90 <3.0",
                "sentry/sentry": "^0.13",
                "swiftmailer/swiftmailer": "~5.3"
            },
            "suggest": {
                "aws/aws-sdk-php": "Allow sending log messages to AWS services like DynamoDB",
                "doctrine/couchdb": "Allow sending log messages to a CouchDB server",
                "ext-amqp": "Allow sending log messages to an AMQP server (1.0+ required)",
                "ext-mongo": "Allow sending log messages to a MongoDB server",
                "graylog2/gelf-php": "Allow sending log messages to a GrayLog2 server",
                "mongodb/mongodb": "Allow sending log messages to a MongoDB server via PHP Driver",
                "php-amqplib/php-amqplib": "Allow sending log messages to an AMQP server using php-amqplib",
                "php-console/php-console": "Allow sending log messages to Google Chrome",
                "rollbar/rollbar": "Allow sending log messages to Rollbar",
                "ruflin/elastica": "Allow sending log messages to an Elastic Search server",
                "sentry/sentry": "Allow sending log messages to a Sentry server"
            },
            "type": "library",
            "extra": {
                "branch-alias": {
                    "dev-master": "2.0.x-dev"
                }
            },
            "autoload": {
                "psr-4": {
                    "Monolog\\": "src/Monolog"
                }
            },
            "notification-url": "https://packagist.org/downloads/",
            "license": [
                "MIT"
            ],
            "authors": [
                {
                    "name": "Jordi Boggiano",
                    "email": "j.boggiano@seld.be",
                    "homepage": "http://seld.be"
                }
            ],
            "description": "Sends your logs to files, sockets, inboxes, databases and various web services",
            "homepage": "http://github.com/Seldaek/monolog",
            "keywords": [
                "log",
                "logging",
                "psr-3"
            ],
            "time": "2016-07-29 03:23:52"
        },
        {
            "name": "psr/log",
            "version": "1.0.0",
            "source": {
                "type": "git",
                "url": "https://github.com/php-fig/log.git",
                "reference": "fe0936ee26643249e916849d48e3a51d5f5e278b"
            },
            "dist": {
                "type": "zip",
                "url": "https://api.github.com/repos/php-fig/log/zipball/fe0936ee26643249e916849d48e3a51d5f5e278b",
                "reference": "fe0936ee26643249e916849d48e3a51d5f5e278b",
                "shasum": ""
            },
            "type": "library",
            "autoload": {
                "psr-0": {
                    "Psr\\Log\\": ""
                }
            },
            "notification-url": "https://packagist.org/downloads/",
            "license": [
                "MIT"
            ],
            "authors": [
                {
                    "name": "PHP-FIG",
                    "homepage": "http://www.php-fig.org/"
                }
            ],
            "description": "Common interface for logging libraries",
            "keywords": [
                "log",
                "psr",
                "psr-3"
            ],
            "time": "2012-12-21 11:40:51"
        },
        {
            "name": "symfony/config",
            "version": "v2.8.11",
            "source": {
                "type": "git",
                "url": "https://github.com/symfony/config.git",
                "reference": "005bf10c156335ede2e89fb9a9ee10a0b742bc84"
            },
            "dist": {
                "type": "zip",
                "url": "https://api.github.com/repos/symfony/config/zipball/005bf10c156335ede2e89fb9a9ee10a0b742bc84",
                "reference": "005bf10c156335ede2e89fb9a9ee10a0b742bc84",
                "shasum": ""
            },
            "require": {
                "php": ">=5.3.9",
                "symfony/filesystem": "~2.3|~3.0.0"
            },
            "suggest": {
                "symfony/yaml": "To use the yaml reference dumper"
            },
            "type": "library",
            "extra": {
                "branch-alias": {
                    "dev-master": "2.8-dev"
                }
            },
            "autoload": {
                "psr-4": {
                    "Symfony\\Component\\Config\\": ""
                },
                "exclude-from-classmap": [
                    "/Tests/"
                ]
            },
            "notification-url": "https://packagist.org/downloads/",
            "license": [
                "MIT"
            ],
            "authors": [
                {
                    "name": "Fabien Potencier",
                    "email": "fabien@symfony.com"
                },
                {
                    "name": "Symfony Community",
                    "homepage": "https://symfony.com/contributors"
                }
            ],
            "description": "Symfony Config Component",
            "homepage": "https://symfony.com",
            "time": "2016-08-16 14:56:08"
        },
        {
            "name": "symfony/filesystem",
            "version": "v3.0.9",
            "source": {
                "type": "git",
                "url": "https://github.com/symfony/filesystem.git",
                "reference": "b2da5009d9bacbd91d83486aa1f44c793a8c380d"
            },
            "dist": {
                "type": "zip",
                "url": "https://api.github.com/repos/symfony/filesystem/zipball/b2da5009d9bacbd91d83486aa1f44c793a8c380d",
                "reference": "b2da5009d9bacbd91d83486aa1f44c793a8c380d",
                "shasum": ""
            },
            "require": {
                "php": ">=5.5.9"
            },
            "type": "library",
            "extra": {
                "branch-alias": {
                    "dev-master": "3.0-dev"
                }
            },
            "autoload": {
                "psr-4": {
                    "Symfony\\Component\\Filesystem\\": ""
                },
                "exclude-from-classmap": [
                    "/Tests/"
                ]
            },
            "notification-url": "https://packagist.org/downloads/",
            "license": [
                "MIT"
            ],
            "authors": [
                {
                    "name": "Fabien Potencier",
                    "email": "fabien@symfony.com"
                },
                {
                    "name": "Symfony Community",
                    "homepage": "https://symfony.com/contributors"
                }
            ],
            "description": "Symfony Filesystem Component",
            "homepage": "https://symfony.com",
            "time": "2016-07-20 05:43:46"
        },
        {
            "name": "symfony/options-resolver",
            "version": "v2.8.11",
            "source": {
                "type": "git",
                "url": "https://github.com/symfony/options-resolver.git",
                "reference": "b6f982782a0624d37b5416c2c96fb99ce5ab74d5"
            },
            "dist": {
                "type": "zip",
                "url": "https://api.github.com/repos/symfony/options-resolver/zipball/b6f982782a0624d37b5416c2c96fb99ce5ab74d5",
                "reference": "b6f982782a0624d37b5416c2c96fb99ce5ab74d5",
                "shasum": ""
            },
            "require": {
                "php": ">=5.3.9"
            },
            "type": "library",
            "extra": {
                "branch-alias": {
                    "dev-master": "2.8-dev"
                }
            },
            "autoload": {
                "psr-4": {
                    "Symfony\\Component\\OptionsResolver\\": ""
                },
                "exclude-from-classmap": [
                    "/Tests/"
                ]
            },
            "notification-url": "https://packagist.org/downloads/",
            "license": [
                "MIT"
            ],
            "authors": [
                {
                    "name": "Fabien Potencier",
                    "email": "fabien@symfony.com"
                },
                {
                    "name": "Symfony Community",
                    "homepage": "https://symfony.com/contributors"
                }
            ],
            "description": "Symfony OptionsResolver Component",
            "homepage": "https://symfony.com",
            "keywords": [
                "config",
                "configuration",
                "options"
            ],
            "time": "2016-06-29 05:29:29"
        },
        {
            "name": "symfony/polyfill-php55",
            "version": "v1.2.0",
            "source": {
                "type": "git",
                "url": "https://github.com/symfony/polyfill-php55.git",
                "reference": "bf2ff9ad6be1a4772cb873e4eea94d70daa95c6d"
            },
            "dist": {
                "type": "zip",
                "url": "https://api.github.com/repos/symfony/polyfill-php55/zipball/bf2ff9ad6be1a4772cb873e4eea94d70daa95c6d",
                "reference": "bf2ff9ad6be1a4772cb873e4eea94d70daa95c6d",
                "shasum": ""
            },
            "require": {
                "ircmaxell/password-compat": "~1.0",
                "php": ">=5.3.3"
            },
            "type": "library",
            "extra": {
                "branch-alias": {
                    "dev-master": "1.2-dev"
                }
            },
            "autoload": {
                "psr-4": {
                    "Symfony\\Polyfill\\Php55\\": ""
                },
                "files": [
                    "bootstrap.php"
                ]
            },
            "notification-url": "https://packagist.org/downloads/",
            "license": [
                "MIT"
            ],
            "authors": [
                {
                    "name": "Nicolas Grekas",
                    "email": "p@tchwork.com"
                },
                {
                    "name": "Symfony Community",
                    "homepage": "https://symfony.com/contributors"
                }
            ],
            "description": "Symfony polyfill backporting some PHP 5.5+ features to lower PHP versions",
            "homepage": "https://symfony.com",
            "keywords": [
                "compatibility",
                "polyfill",
                "portable",
                "shim"
            ],
            "time": "2016-05-18 14:26:46"
        },
        {
            "name": "symfony/serializer",
            "version": "v2.8.11",
            "source": {
                "type": "git",
                "url": "https://github.com/symfony/serializer.git",
                "reference": "b03cb6d8f94637669cd9b62b4a5ae2ba631486aa"
            },
            "dist": {
                "type": "zip",
                "url": "https://api.github.com/repos/symfony/serializer/zipball/b03cb6d8f94637669cd9b62b4a5ae2ba631486aa",
                "reference": "b03cb6d8f94637669cd9b62b4a5ae2ba631486aa",
                "shasum": ""
            },
            "require": {
                "php": ">=5.3.9",
                "symfony/polyfill-php55": "~1.0"
            },
            "require-dev": {
                "doctrine/annotations": "~1.0",
                "doctrine/cache": "~1.0",
                "symfony/config": "~2.2|~3.0.0",
                "symfony/property-access": "~2.3|~3.0.0",
                "symfony/yaml": "~2.0,>=2.0.5|~3.0.0"
            },
            "suggest": {
                "doctrine/annotations": "For using the annotation mapping. You will also need doctrine/cache.",
                "doctrine/cache": "For using the default cached annotation reader and metadata cache.",
                "symfony/config": "For using the XML mapping loader.",
                "symfony/property-access": "For using the ObjectNormalizer.",
                "symfony/yaml": "For using the default YAML mapping loader."
            },
            "type": "library",
            "extra": {
                "branch-alias": {
                    "dev-master": "2.8-dev"
                }
            },
            "autoload": {
                "psr-4": {
                    "Symfony\\Component\\Serializer\\": ""
                },
                "exclude-from-classmap": [
                    "/Tests/"
                ]
            },
            "notification-url": "https://packagist.org/downloads/",
            "license": [
                "MIT"
            ],
            "authors": [
                {
                    "name": "Fabien Potencier",
                    "email": "fabien@symfony.com"
                },
                {
                    "name": "Symfony Community",
                    "homepage": "https://symfony.com/contributors"
                }
            ],
            "description": "Symfony Serializer Component",
            "homepage": "https://symfony.com",
            "time": "2016-06-29 05:29:29"
        },
        {
            "name": "symfony/yaml",
            "version": "v2.8.11",
            "source": {
                "type": "git",
                "url": "https://github.com/symfony/yaml.git",
                "reference": "e7540734bad981fe59f8ef14b6fc194ae9df8d9c"
            },
            "dist": {
                "type": "zip",
                "url": "https://api.github.com/repos/symfony/yaml/zipball/e7540734bad981fe59f8ef14b6fc194ae9df8d9c",
                "reference": "e7540734bad981fe59f8ef14b6fc194ae9df8d9c",
                "shasum": ""
            },
            "require": {
                "php": ">=5.3.9"
            },
            "type": "library",
            "extra": {
                "branch-alias": {
                    "dev-master": "2.8-dev"
                }
            },
            "autoload": {
                "psr-4": {
                    "Symfony\\Component\\Yaml\\": ""
                },
                "exclude-from-classmap": [
                    "/Tests/"
                ]
            },
            "notification-url": "https://packagist.org/downloads/",
            "license": [
                "MIT"
            ],
            "authors": [
                {
                    "name": "Fabien Potencier",
                    "email": "fabien@symfony.com"
                },
                {
                    "name": "Symfony Community",
                    "homepage": "https://symfony.com/contributors"
                }
            ],
            "description": "Symfony Yaml Component",
            "homepage": "https://symfony.com",
            "time": "2016-09-02 01:57:56"
        },
        {
            "name": "theorchard/monolog-cascade",
            "version": "0.4.0",
            "source": {
                "type": "git",
                "url": "https://github.com/theorchard/monolog-cascade.git",
                "reference": "d66763a5d6cbac252dc09b85f9e5f3f9ea43a0ea"
            },
            "dist": {
                "type": "zip",
                "url": "https://api.github.com/repos/theorchard/monolog-cascade/zipball/d66763a5d6cbac252dc09b85f9e5f3f9ea43a0ea",
                "reference": "d66763a5d6cbac252dc09b85f9e5f3f9ea43a0ea",
                "shasum": ""
            },
            "require": {
                "monolog/monolog": "~1.13",
                "php": ">=5.3.9",
                "symfony/config": "~2.7",
                "symfony/options-resolver": "~2.7",
                "symfony/serializer": "~2.7",
                "symfony/yaml": "~2.7"
            },
            "require-dev": {
                "mikey179/vfsstream": "~1.6",
                "phpunit/phpcov": "~2.0",
                "phpunit/phpunit": "~4.8",
                "satooshi/php-coveralls": "~1.0",
                "squizlabs/php_codesniffer": "~2.5"
            },
            "type": "library",
            "extra": {
                "branch-alias": {
                    "dev-master": "0.4.x-dev"
                }
            },
            "autoload": {
                "psr-4": {
                    "Cascade\\": "src/"
                }
            },
            "notification-url": "https://packagist.org/downloads/",
            "license": [
                "MIT"
            ],
            "authors": [
                {
                    "name": "Raphaël Antonmattei",
                    "email": "rantonmattei@theorchard.com",
                    "homepage": "https://github.com/rantonmattei"
                }
            ],
            "description": "Monolog extension to configure multiple loggers in the blink of an eye and access them from anywhere",
            "homepage": "https://github.com/theorchard/monolog-cascade",
            "keywords": [
                "cascade",
                "log",
                "logger",
                "monolog",
                "monolog extension",
                "monolog plugin",
                "monolog utils"
            ],
            "time": "2016-02-19 15:23:26"
        }
    ],
    "packages-dev": [],
    "aliases": [],
    "minimum-stability": "stable",
    "stability-flags": {
        "melting/modx/logger": 20
    },
    "prefer-stable": false,
    "prefer-lowest": false,
    "platform": [],
    "platform-dev": []
}
